
Microsoft Visual Studio Solution File, Format Version 12.00
# Visual Studio 15
VisualStudioVersion = 15.0.28307.1622
MinimumVisualStudioVersion = 10.0.40219.1
Project("{8BC9CEB8-8B4A-11D0-8D11-00A0C91BC942}") = "Project1", "Project1\Project1.vcxproj", "{C70D2B9D-3ED2-4388-8394-C4B6EC0BCE5A}"
EndProject
Global
	GlobalSection(SolutionConfigurationPlatforms) = preSolution
		Debug|x64 = Debug|x64
		Debug|x86 = Debug|x86
		Release|x64 = Release|x64
		Release|x86 = Release|x86
	EndGlobalSection
	GlobalSection(ProjectConfigurationPlatforms) = postSolution
		{C70D2B9D-3ED2-4388-8394-C4B6EC0BCE5A}.Debug|x64.ActiveCfg = Debug|x64
		{C70D2B9D-3ED2-4388-8394-C4B6EC0BCE5A}.Debug|x64.Build.0 = Debug|x64
		{C70D2B9D-3ED2-4388-8394-C4B6EC0BCE5A}.Debug|x86.ActiveCfg = Debug|Win32
		{C70D2B9D-3ED2-4388-8394-C4B6EC0BCE5A}.Debug|x86.Build.0 = Debug|Win32
		{C70D2B9D-3ED2-4388-8394-C4B6EC0BCE5A}.Release|x64.ActiveCfg = Release|x64
		{C70D2B9D-3ED2-4388-8394-C4B6EC0BCE5A}.Release|x64.Build.0 = Release|x64
		{C70D2B9D-3ED2-4388-8394-C4B6EC0BCE5A}.Release|x86.ActiveCfg = Release|Win32
		{C70D2B9D-3ED2-4388-8394-C4B6EC0BCE5A}.Release|x86.Build.0 = Release|Win32
	EndGlobalSection
	GlobalSection(SolutionProperties) = preSolution
		HideSolutionNode = FALSE
	EndGlobalSection
	GlobalSection(ExtensibilityGlobals) = postSolution
		SolutionGuid = {724C9ABF-0117-44D1-8A27-30B7A6AC9946}
	EndGlobalSection
EndGlobal
